
Microsoft Visual Studio Solution File, Format Version 12.00
# Visual Studio Version 17
VisualStudioVersion = 17.14.36511.14
MinimumVisualStudioVersion = 10.0.40219.1
Project("{FAE04EC0-301F-11D3-BF4B-00C04F79EFBC}") = "DAL004", "DAL004\DAL004.csproj", "{9DCD3A8A-56D4-482C-AE44-384F9137AF8A}"
EndProject
Project("{FAE04EC0-301F-11D3-BF4B-00C04F79EFBC}") = "Test_DAL004", "Test_DAL004\Test_DAL004.csproj", "{7D962212-7AD5-4506-9A37-A8CEFBD26D3E}"
EndProject
Project("{FAE04EC0-301F-11D3-BF4B-00C04F79EFBC}") = "ASPA004_1", "ASPA004_1\ASPA004_1.csproj", "{E53BBE52-2E79-4341-B641-43E2157B2006}"
EndProject
Project("{FAE04EC0-301F-11D3-BF4B-00C04F79EFBC}") = "ASPA004_2", "ASPA004_2\ASPA004_2.csproj", "{8A4F5CC7-6201-452D-A1D3-2516F2FC8C37}"
EndProject
Project("{FAE04EC0-301F-11D3-BF4B-00C04F79EFBC}") = "ASPA004_3", "ASPA004_3\ASPA004_3.csproj", "{262BEB7D-A865-4DC8-B771-FF0AEA3EB550}"
EndProject
Global
	GlobalSection(SolutionConfigurationPlatforms) = preSolution
		Debug|Any CPU = Debug|Any CPU
		Debug|x64 = Debug|x64
		Debug|x86 = Debug|x86
		Release|Any CPU = Release|Any CPU
		Release|x64 = Release|x64
		Release|x86 = Release|x86
	EndGlobalSection
	GlobalSection(ProjectConfigurationPlatforms) = postSolution
		{9DCD3A8A-56D4-482C-AE44-384F9137AF8A}.Debug|Any CPU.ActiveCfg = Debug|Any CPU
		{9DCD3A8A-56D4-482C-AE44-384F9137AF8A}.Debug|Any CPU.Build.0 = Debug|Any CPU
		{9DCD3A8A-56D4-482C-AE44-384F9137AF8A}.Debug|x64.ActiveCfg = Debug|Any CPU
		{9DCD3A8A-56D4-482C-AE44-384F9137AF8A}.Debug|x64.Build.0 = Debug|Any CPU
		{9DCD3A8A-56D4-482C-AE44-384F9137AF8A}.Debug|x86.ActiveCfg = Debug|Any CPU
		{9DCD3A8A-56D4-482C-AE44-384F9137AF8A}.Debug|x86.Build.0 = Debug|Any CPU
		{9DCD3A8A-56D4-482C-AE44-384F9137AF8A}.Release|Any CPU.ActiveCfg = Release|Any CPU
		{9DCD3A8A-56D4-482C-AE44-384F9137AF8A}.Release|Any CPU.Build.0 = Release|Any CPU
		{9DCD3A8A-56D4-482C-AE44-384F9137AF8A}.Release|x64.ActiveCfg = Release|Any CPU
		{9DCD3A8A-56D4-482C-AE44-384F9137AF8A}.Release|x64.Build.0 = Release|Any CPU
		{9DCD3A8A-56D4-482C-AE44-384F9137AF8A}.Release|x86.ActiveCfg = Release|Any CPU
		{9DCD3A8A-56D4-482C-AE44-384F9137AF8A}.Release|x86.Build.0 = Release|Any CPU
		{7D962212-7AD5-4506-9A37-A8CEFBD26D3E}.Debug|Any CPU.ActiveCfg = Debug|Any CPU
		{7D962212-7AD5-4506-9A37-A8CEFBD26D3E}.Debug|Any CPU.Build.0 = Debug|Any CPU
		{7D962212-7AD5-4506-9A37-A8CEFBD26D3E}.Debug|x64.ActiveCfg = Debug|Any CPU
		{7D962212-7AD5-4506-9A37-A8CEFBD26D3E}.Debug|x64.Build.0 = Debug|Any CPU
		{7D962212-7AD5-4506-9A37-A8CEFBD26D3E}.Debug|x86.ActiveCfg = Debug|Any CPU
		{7D962212-7AD5-4506-9A37-A8CEFBD26D3E}.Debug|x86.Build.0 = Debug|Any CPU
		{7D962212-7AD5-4506-9A37-A8CEFBD26D3E}.Release|Any CPU.ActiveCfg = Release|Any CPU
		{7D962212-7AD5-4506-9A37-A8CEFBD26D3E}.Release|Any CPU.Build.0 = Release|Any CPU
		{7D962212-7AD5-4506-9A37-A8CEFBD26D3E}.Release|x64.ActiveCfg = Release|Any CPU
		{7D962212-7AD5-4506-9A37-A8CEFBD26D3E}.Release|x64.Build.0 = Release|Any CPU
		{7D962212-7AD5-4506-9A37-A8CEFBD26D3E}.Release|x86.ActiveCfg = Release|Any CPU
		{7D962212-7AD5-4506-9A37-A8CEFBD26D3E}.Release|x86.Build.0 = Release|Any CPU
		{E53BBE52-2E79-4341-B641-43E2157B2006}.Debug|Any CPU.ActiveCfg = Debug|Any CPU
		{E53BBE52-2E79-4341-B641-43E2157B2006}.Debug|Any CPU.Build.0 = Debug|Any CPU
		{E53BBE52-2E79-4341-B641-43E2157B2006}.Debug|x64.ActiveCfg = Debug|Any CPU
		{E53BBE52-2E79-4341-B641-43E2157B2006}.Debug|x64.Build.0 = Debug|Any CPU
		{E53BBE52-2E79-4341-B641-43E2157B2006}.Debug|x86.ActiveCfg = Debug|Any CPU
		{E53BBE52-2E79-4341-B641-43E2157B2006}.Debug|x86.Build.0 = Debug|Any CPU
		{E53BBE52-2E79-4341-B641-43E2157B2006}.Release|Any CPU.ActiveCfg = Release|Any CPU
		{E53BBE52-2E79-4341-B641-43E2157B2006}.Release|Any CPU.Build.0 = Release|Any CPU
		{E53BBE52-2E79-4341-B641-43E2157B2006}.Release|x64.ActiveCfg = Release|Any CPU
		{E53BBE52-2E79-4341-B641-43E2157B2006}.Release|x64.Build.0 = Release|Any CPU
		{E53BBE52-2E79-4341-B641-43E2157B2006}.Release|x86.ActiveCfg = Release|Any CPU
		{E53BBE52-2E79-4341-B641-43E2157B2006}.Release|x86.Build.0 = Release|Any CPU
		{8A4F5CC7-6201-452D-A1D3-2516F2FC8C37}.Debug|Any CPU.ActiveCfg = Debug|Any CPU
		{8A4F5CC7-6201-452D-A1D3-2516F2FC8C37}.Debug|Any CPU.Build.0 = Debug|Any CPU
		{8A4F5CC7-6201-452D-A1D3-2516F2FC8C37}.Debug|x64.ActiveCfg = Debug|Any CPU
		{8A4F5CC7-6201-452D-A1D3-2516F2FC8C37}.Debug|x64.Build.0 = Debug|Any CPU
		{8A4F5CC7-6201-452D-A1D3-2516F2FC8C37}.Debug|x86.ActiveCfg = Debug|Any CPU
		{8A4F5CC7-6201-452D-A1D3-2516F2FC8C37}.Debug|x86.Build.0 = Debug|Any CPU
		{8A4F5CC7-6201-452D-A1D3-2516F2FC8C37}.Release|Any CPU.ActiveCfg = Release|Any CPU
		{8A4F5CC7-6201-452D-A1D3-2516F2FC8C37}.Release|Any CPU.Build.0 = Release|Any CPU
		{8A4F5CC7-6201-452D-A1D3-2516F2FC8C37}.Release|x64.ActiveCfg = Release|Any CPU
		{8A4F5CC7-6201-452D-A1D3-2516F2FC8C37}.Release|x64.Build.0 = Release|Any CPU
		{8A4F5CC7-6201-452D-A1D3-2516F2FC8C37}.Release|x86.ActiveCfg = Release|Any CPU
		{8A4F5CC7-6201-452D-A1D3-2516F2FC8C37}.Release|x86.Build.0 = Release|Any CPU
		{262BEB7D-A865-4DC8-B771-FF0AEA3EB550}.Debug|Any CPU.ActiveCfg = Debug|Any CPU
		{262BEB7D-A865-4DC8-B771-FF0AEA3EB550}.Debug|Any CPU.Build.0 = Debug|Any CPU
		{262BEB7D-A865-4DC8-B771-FF0AEA3EB550}.Debug|x64.ActiveCfg = Debug|Any CPU
		{262BEB7D-A865-4DC8-B771-FF0AEA3EB550}.Debug|x64.Build.0 = Debug|Any CPU
		{262BEB7D-A865-4DC8-B771-FF0AEA3EB550}.Debug|x86.ActiveCfg = Debug|Any CPU
		{262BEB7D-A865-4DC8-B771-FF0AEA3EB550}.Debug|x86.Build.0 = Debug|Any CPU
		{262BEB7D-A865-4DC8-B771-FF0AEA3EB550}.Release|Any CPU.ActiveCfg = Release|Any CPU
		{262BEB7D-A865-4DC8-B771-FF0AEA3EB550}.Release|Any CPU.Build.0 = Release|Any CPU
		{262BEB7D-A865-4DC8-B771-FF0AEA3EB550}.Release|x64.ActiveCfg = Release|Any CPU
		{262BEB7D-A865-4DC8-B771-FF0AEA3EB550}.Release|x64.Build.0 = Release|Any CPU
		{262BEB7D-A865-4DC8-B771-FF0AEA3EB550}.Release|x86.ActiveCfg = Release|Any CPU
		{262BEB7D-A865-4DC8-B771-FF0AEA3EB550}.Release|x86.Build.0 = Release|Any CPU
	EndGlobalSection
	GlobalSection(SolutionProperties) = preSolution
		HideSolutionNode = FALSE
	EndGlobalSection
	GlobalSection(ExtensibilityGlobals) = postSolution
		SolutionGuid = {2A15E01F-74B0-4EB4-855F-F02EFED08CC3}
	EndGlobalSection
EndGlobal
