
Microsoft Visual Studio Solution File, Format Version 12.00
# Visual Studio Version 17
VisualStudioVersion = 17.14.36511.14
MinimumVisualStudioVersion = 10.0.40219.1
Project("{FAE04EC0-301F-11D3-BF4B-00C04F79EFBC}") = "ASPA005_1", "ASPA005_1\ASPA005_1.csproj", "{C39B69B3-4097-44EB-A079-14E595B56708}"
EndProject
Project("{FAE04EC0-301F-11D3-BF4B-00C04F79EFBC}") = "DAL004", "DAL004\DAL004.csproj", "{C4CC3ADC-1739-408E-9401-A6B37B2CE21C}"
EndProject
Project("{FAE04EC0-301F-11D3-BF4B-00C04F79EFBC}") = "ASPA005_2", "ASPA005_2\ASPA005_2.csproj", "{D46E3E57-9FAE-459B-85E2-89C3DEE8CD1C}"
EndProject
Project("{FAE04EC0-301F-11D3-BF4B-00C04F79EFBC}") = "ASPA005_3", "ASPA005_3\ASPA005_3.csproj", "{279AE7AF-B833-4AB3-BC24-BAC8602368E8}"
EndProject
Project("{FAE04EC0-301F-11D3-BF4B-00C04F79EFBC}") = "Test_ASPA005_3", "Test_ASPA005_3\Test_ASPA005_3.csproj", "{FA0C6188-2A13-4DD5-BEBF-A337AF4FA04E}"
EndProject
Global
	GlobalSection(SolutionConfigurationPlatforms) = preSolution
		Debug|Any CPU = Debug|Any CPU
		Debug|x64 = Debug|x64
		Debug|x86 = Debug|x86
		Release|Any CPU = Release|Any CPU
		Release|x64 = Release|x64
		Release|x86 = Release|x86
	EndGlobalSection
	GlobalSection(ProjectConfigurationPlatforms) = postSolution
		{C39B69B3-4097-44EB-A079-14E595B56708}.Debug|Any CPU.ActiveCfg = Debug|Any CPU
		{C39B69B3-4097-44EB-A079-14E595B56708}.Debug|Any CPU.Build.0 = Debug|Any CPU
		{C39B69B3-4097-44EB-A079-14E595B56708}.Debug|x64.ActiveCfg = Debug|Any CPU
		{C39B69B3-4097-44EB-A079-14E595B56708}.Debug|x64.Build.0 = Debug|Any CPU
		{C39B69B3-4097-44EB-A079-14E595B56708}.Debug|x86.ActiveCfg = Debug|Any CPU
		{C39B69B3-4097-44EB-A079-14E595B56708}.Debug|x86.Build.0 = Debug|Any CPU
		{C39B69B3-4097-44EB-A079-14E595B56708}.Release|Any CPU.ActiveCfg = Release|Any CPU
		{C39B69B3-4097-44EB-A079-14E595B56708}.Release|Any CPU.Build.0 = Release|Any CPU
		{C39B69B3-4097-44EB-A079-14E595B56708}.Release|x64.ActiveCfg = Release|Any CPU
		{C39B69B3-4097-44EB-A079-14E595B56708}.Release|x64.Build.0 = Release|Any CPU
		{C39B69B3-4097-44EB-A079-14E595B56708}.Release|x86.ActiveCfg = Release|Any CPU
		{C39B69B3-4097-44EB-A079-14E595B56708}.Release|x86.Build.0 = Release|Any CPU
		{C4CC3ADC-1739-408E-9401-A6B37B2CE21C}.Debug|Any CPU.ActiveCfg = Debug|Any CPU
		{C4CC3ADC-1739-408E-9401-A6B37B2CE21C}.Debug|Any CPU.Build.0 = Debug|Any CPU
		{C4CC3ADC-1739-408E-9401-A6B37B2CE21C}.Debug|x64.ActiveCfg = Debug|Any CPU
		{C4CC3ADC-1739-408E-9401-A6B37B2CE21C}.Debug|x64.Build.0 = Debug|Any CPU
		{C4CC3ADC-1739-408E-9401-A6B37B2CE21C}.Debug|x86.ActiveCfg = Debug|Any CPU
		{C4CC3ADC-1739-408E-9401-A6B37B2CE21C}.Debug|x86.Build.0 = Debug|Any CPU
		{C4CC3ADC-1739-408E-9401-A6B37B2CE21C}.Release|Any CPU.ActiveCfg = Release|Any CPU
		{C4CC3ADC-1739-408E-9401-A6B37B2CE21C}.Release|Any CPU.Build.0 = Release|Any CPU
		{C4CC3ADC-1739-408E-9401-A6B37B2CE21C}.Release|x64.ActiveCfg = Release|Any CPU
		{C4CC3ADC-1739-408E-9401-A6B37B2CE21C}.Release|x64.Build.0 = Release|Any CPU
		{C4CC3ADC-1739-408E-9401-A6B37B2CE21C}.Release|x86.ActiveCfg = Release|Any CPU
		{C4CC3ADC-1739-408E-9401-A6B37B2CE21C}.Release|x86.Build.0 = Release|Any CPU
		{D46E3E57-9FAE-459B-85E2-89C3DEE8CD1C}.Debug|Any CPU.ActiveCfg = Debug|Any CPU
		{D46E3E57-9FAE-459B-85E2-89C3DEE8CD1C}.Debug|Any CPU.Build.0 = Debug|Any CPU
		{D46E3E57-9FAE-459B-85E2-89C3DEE8CD1C}.Debug|x64.ActiveCfg = Debug|Any CPU
		{D46E3E57-9FAE-459B-85E2-89C3DEE8CD1C}.Debug|x64.Build.0 = Debug|Any CPU
		{D46E3E57-9FAE-459B-85E2-89C3DEE8CD1C}.Debug|x86.ActiveCfg = Debug|Any CPU
		{D46E3E57-9FAE-459B-85E2-89C3DEE8CD1C}.Debug|x86.Build.0 = Debug|Any CPU
		{D46E3E57-9FAE-459B-85E2-89C3DEE8CD1C}.Release|Any CPU.ActiveCfg = Release|Any CPU
		{D46E3E57-9FAE-459B-85E2-89C3DEE8CD1C}.Release|Any CPU.Build.0 = Release|Any CPU
		{D46E3E57-9FAE-459B-85E2-89C3DEE8CD1C}.Release|x64.ActiveCfg = Release|Any CPU
		{D46E3E57-9FAE-459B-85E2-89C3DEE8CD1C}.Release|x64.Build.0 = Release|Any CPU
		{D46E3E57-9FAE-459B-85E2-89C3DEE8CD1C}.Release|x86.ActiveCfg = Release|Any CPU
		{D46E3E57-9FAE-459B-85E2-89C3DEE8CD1C}.Release|x86.Build.0 = Release|Any CPU
		{279AE7AF-B833-4AB3-BC24-BAC8602368E8}.Debug|Any CPU.ActiveCfg = Debug|Any CPU
		{279AE7AF-B833-4AB3-BC24-BAC8602368E8}.Debug|Any CPU.Build.0 = Debug|Any CPU
		{279AE7AF-B833-4AB3-BC24-BAC8602368E8}.Debug|x64.ActiveCfg = Debug|Any CPU
		{279AE7AF-B833-4AB3-BC24-BAC8602368E8}.Debug|x64.Build.0 = Debug|Any CPU
		{279AE7AF-B833-4AB3-BC24-BAC8602368E8}.Debug|x86.ActiveCfg = Debug|Any CPU
		{279AE7AF-B833-4AB3-BC24-BAC8602368E8}.Debug|x86.Build.0 = Debug|Any CPU
		{279AE7AF-B833-4AB3-BC24-BAC8602368E8}.Release|Any CPU.ActiveCfg = Release|Any CPU
		{279AE7AF-B833-4AB3-BC24-BAC8602368E8}.Release|Any CPU.Build.0 = Release|Any CPU
		{279AE7AF-B833-4AB3-BC24-BAC8602368E8}.Release|x64.ActiveCfg = Release|Any CPU
		{279AE7AF-B833-4AB3-BC24-BAC8602368E8}.Release|x64.Build.0 = Release|Any CPU
		{279AE7AF-B833-4AB3-BC24-BAC8602368E8}.Release|x86.ActiveCfg = Release|Any CPU
		{279AE7AF-B833-4AB3-BC24-BAC8602368E8}.Release|x86.Build.0 = Release|Any CPU
		{FA0C6188-2A13-4DD5-BEBF-A337AF4FA04E}.Debug|Any CPU.ActiveCfg = Debug|Any CPU
		{FA0C6188-2A13-4DD5-BEBF-A337AF4FA04E}.Debug|Any CPU.Build.0 = Debug|Any CPU
		{FA0C6188-2A13-4DD5-BEBF-A337AF4FA04E}.Debug|x64.ActiveCfg = Debug|Any CPU
		{FA0C6188-2A13-4DD5-BEBF-A337AF4FA04E}.Debug|x64.Build.0 = Debug|Any CPU
		{FA0C6188-2A13-4DD5-BEBF-A337AF4FA04E}.Debug|x86.ActiveCfg = Debug|Any CPU
		{FA0C6188-2A13-4DD5-BEBF-A337AF4FA04E}.Debug|x86.Build.0 = Debug|Any CPU
		{FA0C6188-2A13-4DD5-BEBF-A337AF4FA04E}.Release|Any CPU.ActiveCfg = Release|Any CPU
		{FA0C6188-2A13-4DD5-BEBF-A337AF4FA04E}.Release|Any CPU.Build.0 = Release|Any CPU
		{FA0C6188-2A13-4DD5-BEBF-A337AF4FA04E}.Release|x64.ActiveCfg = Release|Any CPU
		{FA0C6188-2A13-4DD5-BEBF-A337AF4FA04E}.Release|x64.Build.0 = Release|Any CPU
		{FA0C6188-2A13-4DD5-BEBF-A337AF4FA04E}.Release|x86.ActiveCfg = Release|Any CPU
		{FA0C6188-2A13-4DD5-BEBF-A337AF4FA04E}.Release|x86.Build.0 = Release|Any CPU
	EndGlobalSection
	GlobalSection(SolutionProperties) = preSolution
		HideSolutionNode = FALSE
	EndGlobalSection
	GlobalSection(ExtensibilityGlobals) = postSolution
		SolutionGuid = {551F1EDA-BC8C-47E1-96F0-C2160341D38B}
	EndGlobalSection
EndGlobal
